{
  "pins" : [
    {
      "identity" : "uniffi-spm-sample",
      "kind" : "remoteSourceControl",
      "location" : "git@github.com:mh-mobile/UniFFI-SPM-Sample.git",
      "state" : {
        "branch" : "main",
        "revision" : "6b2dc4258ea15b60647ae3324791663bc7b19a6a"
      }
    }
  ],
  "version" : 2
}
