{
  "originHash" : "d3443db174feefe4ba3127d10e123f3b53eda8e7169779816436cbb2c8e18626",
  "pins" : [
    {
      "identity" : "uniffi-spm-sample",
      "kind" : "remoteSourceControl",
      "location" : "git@github.com:mh-mobile/UniFFI-SPM-Sample.git",
      "state" : {
        "branch" : "main",
        "revision" : "ee4556fce2487dd65729ef4cecb6965d853cd110"
      }
    }
  ],
  "version" : 3
}
